
Microsoft Visual Studio Solution File, Format Version 12.00
# Visual Studio Version 17
VisualStudioVersion = 17.4.33205.214
MinimumVisualStudioVersion = 10.0.40219.1
Project("{FAE04EC0-301F-11D3-BF4B-00C04F79EFBC}") = "Social Discussion Managment", "Social Discussion Managment\Social Discussion Managment.csproj", "{22010A43-B879-48C0-B0EA-5ED1887967F8}"
EndProject
Global
	GlobalSection(SolutionConfigurationPlatforms) = preSolution
		Debug|Any CPU = Debug|Any CPU
		Release|Any CPU = Release|Any CPU
	EndGlobalSection
	GlobalSection(ProjectConfigurationPlatforms) = postSolution
		{22010A43-B879-48C0-B0EA-5ED1887967F8}.Debug|Any CPU.ActiveCfg = Debug|Any CPU
		{22010A43-B879-48C0-B0EA-5ED1887967F8}.Debug|Any CPU.Build.0 = Debug|Any CPU
		{22010A43-B879-48C0-B0EA-5ED1887967F8}.Release|Any CPU.ActiveCfg = Release|Any CPU
		{22010A43-B879-48C0-B0EA-5ED1887967F8}.Release|Any CPU.Build.0 = Release|Any CPU
	EndGlobalSection
	GlobalSection(SolutionProperties) = preSolution
		HideSolutionNode = FALSE
	EndGlobalSection
	GlobalSection(ExtensibilityGlobals) = postSolution
		SolutionGuid = {A46AAF50-7FCA-4E5C-B977-EB4070616730}
	EndGlobalSection
EndGlobal
